
Microsoft Visual Studio Solution File, Format Version 12.00
# Visual Studio Version 17
VisualStudioVersion = 17.14.36915.13 d17.14
MinimumVisualStudioVersion = 10.0.40219.1
Project("{FAE04EC0-301F-11D3-BF4B-00C04F79EFBC}") = "EduTech", "EduTech\EduTech.csproj", "{D49223FB-0480-42BE-90D2-173BF1A9D3EB}"
EndProject
Project("{FAE04EC0-301F-11D3-BF4B-00C04F79EFBC}") = "DAL", "DAL\DAL.csproj", "{DF459034-9B70-4D19-8ADD-00A2C0802F35}"
EndProject
Project("{FAE04EC0-301F-11D3-BF4B-00C04F79EFBC}") = "BLL", "BLL\BLL.csproj", "{A0FFBD41-622D-49E4-A592-6166CEAAB489}"
EndProject
Global
	GlobalSection(SolutionConfigurationPlatforms) = preSolution
		Debug|Any CPU = Debug|Any CPU
		Release|Any CPU = Release|Any CPU
	EndGlobalSection
	GlobalSection(ProjectConfigurationPlatforms) = postSolution
		{D49223FB-0480-42BE-90D2-173BF1A9D3EB}.Debug|Any CPU.ActiveCfg = Debug|Any CPU
		{D49223FB-0480-42BE-90D2-173BF1A9D3EB}.Debug|Any CPU.Build.0 = Debug|Any CPU
		{D49223FB-0480-42BE-90D2-173BF1A9D3EB}.Release|Any CPU.ActiveCfg = Release|Any CPU
		{D49223FB-0480-42BE-90D2-173BF1A9D3EB}.Release|Any CPU.Build.0 = Release|Any CPU
		{DF459034-9B70-4D19-8ADD-00A2C0802F35}.Debug|Any CPU.ActiveCfg = Debug|Any CPU
		{DF459034-9B70-4D19-8ADD-00A2C0802F35}.Debug|Any CPU.Build.0 = Debug|Any CPU
		{DF459034-9B70-4D19-8ADD-00A2C0802F35}.Release|Any CPU.ActiveCfg = Release|Any CPU
		{DF459034-9B70-4D19-8ADD-00A2C0802F35}.Release|Any CPU.Build.0 = Release|Any CPU
		{A0FFBD41-622D-49E4-A592-6166CEAAB489}.Debug|Any CPU.ActiveCfg = Debug|Any CPU
		{A0FFBD41-622D-49E4-A592-6166CEAAB489}.Debug|Any CPU.Build.0 = Debug|Any CPU
		{A0FFBD41-622D-49E4-A592-6166CEAAB489}.Release|Any CPU.ActiveCfg = Release|Any CPU
		{A0FFBD41-622D-49E4-A592-6166CEAAB489}.Release|Any CPU.Build.0 = Release|Any CPU
	EndGlobalSection
	GlobalSection(SolutionProperties) = preSolution
		HideSolutionNode = FALSE
	EndGlobalSection
	GlobalSection(ExtensibilityGlobals) = postSolution
		SolutionGuid = {B32F735F-269A-4DBE-8719-6F6C0A69F6DF}
	EndGlobalSection
EndGlobal
